// !$*UTF8*$!
{
	archiveVersion = 1;
	classes = {
	};
	objectVersion = 46;
	objects = {

/* Begin PBXBuildFile section */
		A17554B31A8CD9C100112180 /* MetalImageSaturationAdjustFilter.m in Sources */ = {isa = PBXBuildFile; fileRef = A17554B21A8CD9C100112180 /* MetalImageSaturationAdjustFilter.m */; };
		A17554B51A8CDE9300112180 /* MetalImageFilter.metal in Sources */ = {isa = PBXBuildFile; fileRef = A17554B41A8CDE9300112180 /* MetalImageFilter.metal */; };
		A17554B71A8CDED400112180 /* IMG_0001.JPG in Resources */ = {isa = PBXBuildFile; fileRef = A17554B61A8CDED400112180 /* IMG_0001.JPG */; };
		A17554BA1A8CE31000112180 /* MetalImageGaussianBlurFilter.m in Sources */ = {isa = PBXBuildFile; fileRef = A17554B91A8CE31000112180 /* MetalImageGaussianBlurFilter.m */; };
		A1DE83FD1A8C824200417B1E /* main.m in Sources */ = {isa = PBXBuildFile; fileRef = A1DE83FC1A8C824200417B1E /* main.m */; };
		A1DE84001A8C824200417B1E /* AppDelegate.m in Sources */ = {isa = PBXBuildFile; fileRef = A1DE83FF1A8C824200417B1E /* AppDelegate.m */; };
		A1DE84031A8C824200417B1E /* ViewController.m in Sources */ = {isa = PBXBuildFile; fileRef = A1DE84021A8C824200417B1E /* ViewController.m */; };
		A1DE84051A8C824200417B1E /* Images.xcassets in Resources */ = {isa = PBXBuildFile; fileRef = A1DE84041A8C824200417B1E /* Images.xcassets */; };
		A1DE84081A8C824200417B1E /* LaunchScreen.xib in Resources */ = {isa = PBXBuildFile; fileRef = A1DE84061A8C824200417B1E /* LaunchScreen.xib */; };
		A1DE84141A8C824200417B1E /* MetalImageProcessorTests.m in Sources */ = {isa = PBXBuildFile; fileRef = A1DE84131A8C824200417B1E /* MetalImageProcessorTests.m */; };
		A1DE84201A8C840800417B1E /* MetalImageProcessor.m in Sources */ = {isa = PBXBuildFile; fileRef = A1DE841F1A8C840800417B1E /* MetalImageProcessor.m */; };
		A1DE84291A8C857100417B1E /* MetalImageBaseFilter.m in Sources */ = {isa = PBXBuildFile; fileRef = A1DE84281A8C857100417B1E /* MetalImageBaseFilter.m */; };
/* End PBXBuildFile section */

/* Begin PBXContainerItemProxy section */
		A1DE840E1A8C824200417B1E /* PBXContainerItemProxy */ = {
			isa = PBXContainerItemProxy;
			containerPortal = A1DE83EF1A8C824200417B1E /* Project object */;
			proxyType = 1;
			remoteGlobalIDString = A1DE83F61A8C824200417B1E;
			remoteInfo = MetalImageProcessor;
		};
/* End PBXContainerItemProxy section */

/* Begin PBXFileReference section */
		A17554B11A8CD9C100112180 /* MetalImageSaturationAdjustFilter.h */ = {isa = PBXFileReference; fileEncoding = 4; lastKnownFileType = sourcecode.c.h; path = MetalImageSaturationAdjustFilter.h; sourceTree = "<group>"; };
		A17554B21A8CD9C100112180 /* MetalImageSaturationAdjustFilter.m */ = {isa = PBXFileReference; fileEncoding = 4; lastKnownFileType = sourcecode.c.objc; path = MetalImageSaturationAdjustFilter.m; sourceTree = "<group>"; };
		A17554B41A8CDE9300112180 /* MetalImageFilter.metal */ = {isa = PBXFileReference; fileEncoding = 4; lastKnownFileType = sourcecode.metal; path = MetalImageFilter.metal; sourceTree = "<group>"; };
		A17554B61A8CDED400112180 /* IMG_0001.JPG */ = {isa = PBXFileReference; lastKnownFileType = image.jpeg; path = IMG_0001.JPG; sourceTree = "<group>"; };
		A17554B81A8CE31000112180 /* MetalImageGaussianBlurFilter.h */ = {isa = PBXFileReference; fileEncoding = 4; lastKnownFileType = sourcecode.c.h; path = MetalImageGaussianBlurFilter.h; sourceTree = "<group>"; };
		A17554B91A8CE31000112180 /* MetalImageGaussianBlurFilter.m */ = {isa = PBXFileReference; fileEncoding = 4; lastKnownFileType = sourcecode.c.objc; path = MetalImageGaussianBlurFilter.m; sourceTree = "<group>"; };
		A1DE83F71A8C824200417B1E /* MetalImageProcessor.app */ = {isa = PBXFileReference; explicitFileType = wrapper.application; includeInIndex = 0; path = MetalImageProcessor.app; sourceTree = BUILT_PRODUCTS_DIR; };
		A1DE83FB1A8C824200417B1E /* Info.plist */ = {isa = PBXFileReference; lastKnownFileType = text.plist.xml; path = Info.plist; sourceTree = "<group>"; };
		A1DE83FC1A8C824200417B1E /* main.m */ = {isa = PBXFileReference; lastKnownFileType = sourcecode.c.objc; path = main.m; sourceTree = "<group>"; };
		A1DE83FE1A8C824200417B1E /* AppDelegate.h */ = {isa = PBXFileReference; lastKnownFileType = sourcecode.c.h; path = AppDelegate.h; sourceTree = "<group>"; };
		A1DE83FF1A8C824200417B1E /* AppDelegate.m */ = {isa = PBXFileReference; lastKnownFileType = sourcecode.c.objc; path = AppDelegate.m; sourceTree = "<group>"; };
		A1DE84011A8C824200417B1E /* ViewController.h */ = {isa = PBXFileReference; lastKnownFileType = sourcecode.c.h; path = ViewController.h; sourceTree = "<group>"; };
		A1DE84021A8C824200417B1E /* ViewController.m */ = {isa = PBXFileReference; lastKnownFileType = sourcecode.c.objc; path = ViewController.m; sourceTree = "<group>"; };
		A1DE84041A8C824200417B1E /* Images.xcassets */ = {isa = PBXFileReference; lastKnownFileType = folder.assetcatalog; path = Images.xcassets; sourceTree = "<group>"; };
		A1DE84071A8C824200417B1E /* Base */ = {isa = PBXFileReference; lastKnownFileType = file.xib; name = Base; path = Base.lproj/LaunchScreen.xib; sourceTree = "<group>"; };
		A1DE840D1A8C824200417B1E /* MetalImageProcessorTests.xctest */ = {isa = PBXFileReference; explicitFileType = wrapper.cfbundle; includeInIndex = 0; path = MetalImageProcessorTests.xctest; sourceTree = BUILT_PRODUCTS_DIR; };
		A1DE84121A8C824200417B1E /* Info.plist */ = {isa = PBXFileReference; lastKnownFileType = text.plist.xml; path = Info.plist; sourceTree = "<group>"; };
		A1DE84131A8C824200417B1E /* MetalImageProcessorTests.m */ = {isa = PBXFileReference; lastKnownFileType = sourcecode.c.objc; path = MetalImageProcessorTests.m; sourceTree = "<group>"; };
		A1DE841E1A8C840800417B1E /* MetalImageProcessor.h */ = {isa = PBXFileReference; fileEncoding = 4; lastKnownFileType = sourcecode.c.h; path = MetalImageProcessor.h; sourceTree = "<group>"; };
		A1DE841F1A8C840800417B1E /* MetalImageProcessor.m */ = {isa = PBXFileReference; fileEncoding = 4; lastKnownFileType = sourcecode.c.objc; path = MetalImageProcessor.m; sourceTree = "<group>"; };
		A1DE84271A8C857100417B1E /* MetalImageBaseFilter.h */ = {isa = PBXFileReference; fileEncoding = 4; lastKnownFileType = sourcecode.c.h; path = MetalImageBaseFilter.h; sourceTree = "<group>"; };
		A1DE84281A8C857100417B1E /* MetalImageBaseFilter.m */ = {isa = PBXFileReference; fileEncoding = 4; lastKnownFileType = sourcecode.c.objc; path = MetalImageBaseFilter.m; sourceTree = "<group>"; };
		A1DE842A1A8CA58D00417B1E /* MetailImageProcessor+Private.h */ = {isa = PBXFileReference; fileEncoding = 4; lastKnownFileType = sourcecode.c.h; path = "MetailImageProcessor+Private.h"; sourceTree = "<group>"; };
/* End PBXFileReference section */

/* Begin PBXFrameworksBuildPhase section */
		A1DE83F41A8C824200417B1E /* Frameworks */ = {
			isa = PBXFrameworksBuildPhase;
			buildActionMask = 2147483647;
			files = (
			);
			runOnlyForDeploymentPostprocessing = 0;
		};
		A1DE840A1A8C824200417B1E /* Frameworks */ = {
			isa = PBXFrameworksBuildPhase;
			buildActionMask = 2147483647;
			files = (
			);
			runOnlyForDeploymentPostprocessing = 0;
		};
/* End PBXFrameworksBuildPhase section */

/* Begin PBXGroup section */
		A1DE83EE1A8C824200417B1E = {
			isa = PBXGroup;
			children = (
				A1DE83F91A8C824200417B1E /* MetalImageProcessor */,
				A1DE84101A8C824200417B1E /* MetalImageProcessorTests */,
				A1DE83F81A8C824200417B1E /* Products */,
			);
			sourceTree = "<group>";
		};
		A1DE83F81A8C824200417B1E /* Products */ = {
			isa = PBXGroup;
			children = (
				A1DE83F71A8C824200417B1E /* MetalImageProcessor.app */,
				A1DE840D1A8C824200417B1E /* MetalImageProcessorTests.xctest */,
			);
			name = Products;
			sourceTree = "<group>";
		};
		A1DE83F91A8C824200417B1E /* MetalImageProcessor */ = {
			isa = PBXGroup;
			children = (
				A1DE83FE1A8C824200417B1E /* AppDelegate.h */,
				A1DE83FF1A8C824200417B1E /* AppDelegate.m */,
				A1DE84011A8C824200417B1E /* ViewController.h */,
				A1DE84021A8C824200417B1E /* ViewController.m */,
				A17554B61A8CDED400112180 /* IMG_0001.JPG */,
				A1DE841D1A8C83C400417B1E /* MetalImageProcessor */,
				A1DE84041A8C824200417B1E /* Images.xcassets */,
				A1DE84061A8C824200417B1E /* LaunchScreen.xib */,
				A1DE83FA1A8C824200417B1E /* Supporting Files */,
			);
			path = MetalImageProcessor;
			sourceTree = "<group>";
		};
		A1DE83FA1A8C824200417B1E /* Supporting Files */ = {
			isa = PBXGroup;
			children = (
				A1DE83FB1A8C824200417B1E /* Info.plist */,
				A1DE83FC1A8C824200417B1E /* main.m */,
			);
			name = "Supporting Files";
			sourceTree = "<group>";
		};
		A1DE84101A8C824200417B1E /* MetalImageProcessorTests */ = {
			isa = PBXGroup;
			children = (
				A1DE84131A8C824200417B1E /* MetalImageProcessorTests.m */,
				A1DE84111A8C824200417B1E /* Supporting Files */,
			);
			path = MetalImageProcessorTests;
			sourceTree = "<group>";
		};
		A1DE84111A8C824200417B1E /* Supporting Files */ = {
			isa = PBXGroup;
			children = (
				A1DE84121A8C824200417B1E /* Info.plist */,
			);
			name = "Supporting Files";
			sourceTree = "<group>";
		};
		A1DE841D1A8C83C400417B1E /* MetalImageProcessor */ = {
			isa = PBXGroup;
			children = (
				A1DE841E1A8C840800417B1E /* MetalImageProcessor.h */,
				A1DE842A1A8CA58D00417B1E /* MetailImageProcessor+Private.h */,
				A1DE841F1A8C840800417B1E /* MetalImageProcessor.m */,
				A1DE84271A8C857100417B1E /* MetalImageBaseFilter.h */,
				A1DE84281A8C857100417B1E /* MetalImageBaseFilter.m */,
				A17554B11A8CD9C100112180 /* MetalImageSaturationAdjustFilter.h */,
				A17554B21A8CD9C100112180 /* MetalImageSaturationAdjustFilter.m */,
				A17554B41A8CDE9300112180 /* MetalImageFilter.metal */,
				A17554B81A8CE31000112180 /* MetalImageGaussianBlurFilter.h */,
				A17554B91A8CE31000112180 /* MetalImageGaussianBlurFilter.m */,
			);
			path = MetalImageProcessor;
			sourceTree = "<group>";
		};
/* End PBXGroup section */

/* Begin PBXNativeTarget section */
		A1DE83F61A8C824200417B1E /* MetalImageProcessor */ = {
			isa = PBXNativeTarget;
			buildConfigurationList = A1DE84171A8C824200417B1E /* Build configuration list for PBXNativeTarget "MetalImageProcessor" */;
			buildPhases = (
				A1DE83F31A8C824200417B1E /* Sources */,
				A1DE83F41A8C824200417B1E /* Frameworks */,
				A1DE83F51A8C824200417B1E /* Resources */,
			);
			buildRules = (
			);
			dependencies = (
			);
			name = MetalImageProcessor;
			productName = MetalImageProcessor;
			productReference = A1DE83F71A8C824200417B1E /* MetalImageProcessor.app */;
			productType = "com.apple.product-type.application";
		};
		A1DE840C1A8C824200417B1E /* MetalImageProcessorTests */ = {
			isa = PBXNativeTarget;
			buildConfigurationList = A1DE841A1A8C824200417B1E /* Build configuration list for PBXNativeTarget "MetalImageProcessorTests" */;
			buildPhases = (
				A1DE84091A8C824200417B1E /* Sources */,
				A1DE840A1A8C824200417B1E /* Frameworks */,
				A1DE840B1A8C824200417B1E /* Resources */,
			);
			buildRules = (
			);
			dependencies = (
				A1DE840F1A8C824200417B1E /* PBXTargetDependency */,
			);
			name = MetalImageProcessorTests;
			productName = MetalImageProcessorTests;
			productReference = A1DE840D1A8C824200417B1E /* MetalImageProcessorTests.xctest */;
			productType = "com.apple.product-type.bundle.unit-test";
		};
/* End PBXNativeTarget section */

/* Begin PBXProject section */
		A1DE83EF1A8C824200417B1E /* Project object */ = {
			isa = PBXProject;
			attributes = {
				LastUpgradeCheck = 0610;
				ORGANIZATIONNAME = Littocats;
				TargetAttributes = {
					A1DE83F61A8C824200417B1E = {
						CreatedOnToolsVersion = 6.1.1;
					};
					A1DE840C1A8C824200417B1E = {
						CreatedOnToolsVersion = 6.1.1;
						TestTargetID = A1DE83F61A8C824200417B1E;
					};
				};
			};
			buildConfigurationList = A1DE83F21A8C824200417B1E /* Build configuration list for PBXProject "MetalImageProcessor" */;
			compatibilityVersion = "Xcode 3.2";
			developmentRegion = English;
			hasScannedForEncodings = 0;
			knownRegions = (
				en,
				Base,
			);
			mainGroup = A1DE83EE1A8C824200417B1E;
			productRefGroup = A1DE83F81A8C824200417B1E /* Products */;
			projectDirPath = "";
			projectRoot = "";
			targets = (
				A1DE83F61A8C824200417B1E /* MetalImageProcessor */,
				A1DE840C1A8C824200417B1E /* MetalImageProcessorTests */,
			);
		};
/* End PBXProject section */

/* Begin PBXResourcesBuildPhase section */
		A1DE83F51A8C824200417B1E /* Resources */ = {
			isa = PBXResourcesBuildPhase;
			buildActionMask = 2147483647;
			files = (
				A17554B71A8CDED400112180 /* IMG_0001.JPG in Resources */,
				A1DE84081A8C824200417B1E /* LaunchScreen.xib in Resources */,
				A1DE84051A8C824200417B1E /* Images.xcassets in Resources */,
			);
			runOnlyForDeploymentPostprocessing = 0;
		};
		A1DE840B1A8C824200417B1E /* Resources */ = {
			isa = PBXResourcesBuildPhase;
			buildActionMask = 2147483647;
			files = (
			);
			runOnlyForDeploymentPostprocessing = 0;
		};
/* End PBXResourcesBuildPhase section */

/* Begin PBXSourcesBuildPhase section */
		A1DE83F31A8C824200417B1E /* Sources */ = {
			isa = PBXSourcesBuildPhase;
			buildActionMask = 2147483647;
			files = (
				A1DE84031A8C824200417B1E /* ViewController.m in Sources */,
				A1DE84001A8C824200417B1E /* AppDelegate.m in Sources */,
				A1DE84201A8C840800417B1E /* MetalImageProcessor.m in Sources */,
				A1DE84291A8C857100417B1E /* MetalImageBaseFilter.m in Sources */,
				A17554B51A8CDE9300112180 /* MetalImageFilter.metal in Sources */,
				A17554BA1A8CE31000112180 /* MetalImageGaussianBlurFilter.m in Sources */,
				A17554B31A8CD9C100112180 /* MetalImageSaturationAdjustFilter.m in Sources */,
				A1DE83FD1A8C824200417B1E /* main.m in Sources */,
			);
			runOnlyForDeploymentPostprocessing = 0;
		};
		A1DE84091A8C824200417B1E /* Sources */ = {
			isa = PBXSourcesBuildPhase;
			buildActionMask = 2147483647;
			files = (
				A1DE84141A8C824200417B1E /* MetalImageProcessorTests.m in Sources */,
			);
			runOnlyForDeploymentPostprocessing = 0;
		};
/* End PBXSourcesBuildPhase section */

/* Begin PBXTargetDependency section */
		A1DE840F1A8C824200417B1E /* PBXTargetDependency */ = {
			isa = PBXTargetDependency;
			target = A1DE83F61A8C824200417B1E /* MetalImageProcessor */;
			targetProxy = A1DE840E1A8C824200417B1E /* PBXContainerItemProxy */;
		};
/* End PBXTargetDependency section */

/* Begin PBXVariantGroup section */
		A1DE84061A8C824200417B1E /* LaunchScreen.xib */ = {
			isa = PBXVariantGroup;
			children = (
				A1DE84071A8C824200417B1E /* Base */,
			);
			name = LaunchScreen.xib;
			sourceTree = "<group>";
		};
/* End PBXVariantGroup section */

/* Begin XCBuildConfiguration section */
		A1DE84151A8C824200417B1E /* Debug */ = {
			isa = XCBuildConfiguration;
			buildSettings = {
				ALWAYS_SEARCH_USER_PATHS = NO;
				CLANG_CXX_LANGUAGE_STANDARD = "gnu++0x";
				CLANG_CXX_LIBRARY = "libc++";
				CLANG_ENABLE_MODULES = YES;
				CLANG_ENABLE_OBJC_ARC = YES;
				CLANG_WARN_BOOL_CONVERSION = YES;
				CLANG_WARN_CONSTANT_CONVERSION = YES;
				CLANG_WARN_DIRECT_OBJC_ISA_USAGE = YES_ERROR;
				CLANG_WARN_EMPTY_BODY = YES;
				CLANG_WARN_ENUM_CONVERSION = YES;
				CLANG_WARN_INT_CONVERSION = YES;
				CLANG_WARN_OBJC_ROOT_CLASS = YES_ERROR;
				CLANG_WARN_UNREACHABLE_CODE = YES;
				CLANG_WARN__DUPLICATE_METHOD_MATCH = YES;
				"CODE_SIGN_IDENTITY[sdk=iphoneos*]" = "iPhone Developer";
				COPY_PHASE_STRIP = NO;
				ENABLE_STRICT_OBJC_MSGSEND = YES;
				GCC_C_LANGUAGE_STANDARD = gnu99;
				GCC_DYNAMIC_NO_PIC = NO;
				GCC_OPTIMIZATION_LEVEL = 0;
				GCC_PREPROCESSOR_DEFINITIONS = (
					"DEBUG=1",
					"$(inherited)",
				);
				GCC_SYMBOLS_PRIVATE_EXTERN = NO;
				GCC_WARN_64_TO_32_BIT_CONVERSION = YES;
				GCC_WARN_ABOUT_RETURN_TYPE = YES_ERROR;
				GCC_WARN_UNDECLARED_SELECTOR = YES;
				GCC_WARN_UNINITIALIZED_AUTOS = YES_AGGRESSIVE;
				GCC_WARN_UNUSED_FUNCTION = YES;
				GCC_WARN_UNUSED_VARIABLE = YES;
				IPHONEOS_DEPLOYMENT_TARGET = 8.1;
				MTL_ENABLE_DEBUG_INFO = YES;
				ONLY_ACTIVE_ARCH = YES;
				SDKROOT = iphoneos;
				TARGETED_DEVICE_FAMILY = "1,2";
			};
			name = Debug;
		};
		A1DE84161A8C824200417B1E /* Release */ = {
			isa = XCBuildConfiguration;
			buildSettings = {
				ALWAYS_SEARCH_USER_PATHS = NO;
				CLANG_CXX_LANGUAGE_STANDARD = "gnu++0x";
				CLANG_CXX_LIBRARY = "libc++";
				CLANG_ENABLE_MODULES = YES;
				CLANG_ENABLE_OBJC_ARC = YES;
				CLANG_WARN_BOOL_CONVERSION = YES;
				CLANG_WARN_CONSTANT_CONVERSION = YES;
				CLANG_WARN_DIRECT_OBJC_ISA_USAGE = YES_ERROR;
				CLANG_WARN_EMPTY_BODY = YES;
				CLANG_WARN_ENUM_CONVERSION = YES;
				CLANG_WARN_INT_CONVERSION = YES;
				CLANG_WARN_OBJC_ROOT_CLASS = YES_ERROR;
				CLANG_WARN_UNREACHABLE_CODE = YES;
				CLANG_WARN__DUPLICATE_METHOD_MATCH = YES;
				"CODE_SIGN_IDENTITY[sdk=iphoneos*]" = "iPhone Developer";
				COPY_PHASE_STRIP = YES;
				ENABLE_NS_ASSERTIONS = NO;
				ENABLE_STRICT_OBJC_MSGSEND = YES;
				GCC_C_LANGUAGE_STANDARD = gnu99;
				GCC_WARN_64_TO_32_BIT_CONVERSION = YES;
				GCC_WARN_ABOUT_RETURN_TYPE = YES_ERROR;
				GCC_WARN_UNDECLARED_SELECTOR = YES;
				GCC_WARN_UNINITIALIZED_AUTOS = YES_AGGRESSIVE;
				GCC_WARN_UNUSED_FUNCTION = YES;
				GCC_WARN_UNUSED_VARIABLE = YES;
				IPHONEOS_DEPLOYMENT_TARGET = 8.1;
				MTL_ENABLE_DEBUG_INFO = NO;
				SDKROOT = iphoneos;
				TARGETED_DEVICE_FAMILY = "1,2";
				VALIDATE_PRODUCT = YES;
			};
			name = Release;
		};
		A1DE84181A8C824200417B1E /* Debug */ = {
			isa = XCBuildConfiguration;
			buildSettings = {
				ASSETCATALOG_COMPILER_APPICON_NAME = AppIcon;
				INFOPLIST_FILE = MetalImageProcessor/Info.plist;
				LD_RUNPATH_SEARCH_PATHS = "$(inherited) @executable_path/Frameworks";
				PRODUCT_NAME = "$(TARGET_NAME)";
			};
			name = Debug;
		};
		A1DE84191A8C824200417B1E /* Release */ = {
			isa = XCBuildConfiguration;
			buildSettings = {
				ASSETCATALOG_COMPILER_APPICON_NAME = AppIcon;
				INFOPLIST_FILE = MetalImageProcessor/Info.plist;
				LD_RUNPATH_SEARCH_PATHS = "$(inherited) @executable_path/Frameworks";
				PRODUCT_NAME = "$(TARGET_NAME)";
			};
			name = Release;
		};
		A1DE841B1A8C824200417B1E /* Debug */ = {
			isa = XCBuildConfiguration;
			buildSettings = {
				BUNDLE_LOADER = "$(TEST_HOST)";
				FRAMEWORK_SEARCH_PATHS = (
					"$(SDKROOT)/Developer/Library/Frameworks",
					"$(inherited)",
				);
				GCC_PREPROCESSOR_DEFINITIONS = (
					"DEBUG=1",
					"$(inherited)",
				);
				INFOPLIST_FILE = MetalImageProcessorTests/Info.plist;
				LD_RUNPATH_SEARCH_PATHS = "$(inherited) @executable_path/Frameworks @loader_path/Frameworks";
				PRODUCT_NAME = "$(TARGET_NAME)";
				TEST_HOST = "$(BUILT_PRODUCTS_DIR)/MetalImageProcessor.app/MetalImageProcessor";
			};
			name = Debug;
		};
		A1DE841C1A8C824200417B1E /* Release */ = {
			isa = XCBuildConfiguration;
			buildSettings = {
				BUNDLE_LOADER = "$(TEST_HOST)";
				FRAMEWORK_SEARCH_PATHS = (
					"$(SDKROOT)/Developer/Library/Frameworks",
					"$(inherited)",
				);
				INFOPLIST_FILE = MetalImageProcessorTests/Info.plist;
				LD_RUNPATH_SEARCH_PATHS = "$(inherited) @executable_path/Frameworks @loader_path/Frameworks";
				PRODUCT_NAME = "$(TARGET_NAME)";
				TEST_HOST = "$(BUILT_PRODUCTS_DIR)/MetalImageProcessor.app/MetalImageProcessor";
			};
			name = Release;
		};
/* End XCBuildConfiguration section */

/* Begin XCConfigurationList section */
		A1DE83F21A8C824200417B1E /* Build configuration list for PBXProject "MetalImageProcessor" */ = {
			isa = XCConfigurationList;
			buildConfigurations = (
				A1DE84151A8C824200417B1E /* Debug */,
				A1DE84161A8C824200417B1E /* Release */,
			);
			defaultConfigurationIsVisible = 0;
			defaultConfigurationName = Release;
		};
		A1DE84171A8C824200417B1E /* Build configuration list for PBXNativeTarget "MetalImageProcessor" */ = {
			isa = XCConfigurationList;
			buildConfigurations = (
				A1DE84181A8C824200417B1E /* Debug */,
				A1DE84191A8C824200417B1E /* Release */,
			);
			defaultConfigurationIsVisible = 0;
			defaultConfigurationName = Release;
		};
		A1DE841A1A8C824200417B1E /* Build configuration list for PBXNativeTarget "MetalImageProcessorTests" */ = {
			isa = XCConfigurationList;
			buildConfigurations = (
				A1DE841B1A8C824200417B1E /* Debug */,
				A1DE841C1A8C824200417B1E /* Release */,
			);
			defaultConfigurationIsVisible = 0;
			defaultConfigurationName = Release;
		};
/* End XCConfigurationList section */
	};
	rootObject = A1DE83EF1A8C824200417B1E /* Project object */;
}
